<?xml version="1.0" encoding="utf-8"?>
<Project ToolsVersion="4.0" xmlns="http://schemas.microsoft.com/developer/msbuild/2003">
  <ItemGroup>
    <Filter Include="Source Files">
      <UniqueIdentifier>{4FC737F1-C7A5-4376-A066-2A32D752A2FF}</UniqueIdentifier>
      <Extensions>cpp;c;cc;cxx;c++;cppm;ixx;def;odl;idl;hpj;bat;asm;asmx</Extensions>
    </Filter>
    <Filter Include="Header Files">
      <UniqueIdentifier>{93995380-89BD-4b04-88EB-625FBE52EBFB}</UniqueIdentifier>
      <Extensions>h;hh;hpp;hxx;h++;hm;inl;inc;ipp;xsd</Extensions>
    </Filter>
    <Filter Include="Resource Files">
      <UniqueIdentifier>{67DA6AB6-F800-4c08-8B7A-83BB121AAD01}</UniqueIdentifier>
      <Extensions>rc;ico;cur;bmp;dlg;rc2;rct;bin;rgs;gif;jpg;jpeg;jpe;resx;tiff;tif;png;wav;mfcribbon-ms</Extensions>
    </Filter>
    <Filter Include="Source Files\Zinsrechnung">
      <UniqueIdentifier>{b7be7da8-5625-4533-8e1c-cc5214ceae94}</UniqueIdentifier>
    </Filter>
    <Filter Include="Source Files\TeuflischeFolge">
      <UniqueIdentifier>{2ae56775-6e2f-4b67-8cc1-64493e03c5ad}</UniqueIdentifier>
    </Filter>
    <Filter Include="Source Files\BankAccount">
      <UniqueIdentifier>{9b76b2a4-2064-48bf-bf0d-c9f8efe1b093}</UniqueIdentifier>
    </Filter>
    <Filter Include="Source Files\Lists">
      <UniqueIdentifier>{93793d3f-27a3-4a11-8a96-d17b1f797ab2}</UniqueIdentifier>
    </Filter>
    <Filter Include="Source Files\Tuples">
      <UniqueIdentifier>{fc8dc12e-d6bf-4e42-b239-b79bca3f8aec}</UniqueIdentifier>
    </Filter>
    <Filter Include="Source Files\Phonebook">
      <UniqueIdentifier>{ad30310b-df00-4c23-b232-f9d300a99699}</UniqueIdentifier>
    </Filter>
    <Filter Include="Source Files\Dictionaries">
      <UniqueIdentifier>{d61a7914-585d-4143-b9aa-7e16c35e28dd}</UniqueIdentifier>
    </Filter>
    <Filter Include="Source Files\ParameterPassing">
      <UniqueIdentifier>{8cc9e41a-3438-42e0-ace9-19888482962b}</UniqueIdentifier>
    </Filter>
    <Filter Include="Source Files\Strings">
      <UniqueIdentifier>{914f0b71-e399-4ba8-a1db-2d700ef9276e}</UniqueIdentifier>
    </Filter>
    <Filter Include="Source Files\Enumeration">
      <UniqueIdentifier>{7a4d8d2c-5523-4680-9502-a5ab21afd767}</UniqueIdentifier>
    </Filter>
    <Filter Include="Source Files\Shallow_vs_Deep_Copy">
      <UniqueIdentifier>{00a622a9-b080-40b2-8629-f1b19901bbb8}</UniqueIdentifier>
    </Filter>
    <Filter Include="Source Files\Procedures_Functions">
      <UniqueIdentifier>{74ceb334-9983-471a-88b3-9d1bdb36dd04}</UniqueIdentifier>
    </Filter>
  </ItemGroup>
  <ItemGroup>
    <ClCompile Include="Program.cpp">
      <Filter>Source Files</Filter>
    </ClCompile>
    <ClCompile Include="BankAccount\BankAccount.cpp">
      <Filter>Source Files\BankAccount</Filter>
    </ClCompile>
    <ClCompile Include="BankAccount\BankAccount_Example.cpp">
      <Filter>Source Files\BankAccount</Filter>
    </ClCompile>
    <ClCompile Include="TeuflischeFolge\TeuflischeFolge.cpp">
      <Filter>Source Files\TeuflischeFolge</Filter>
    </ClCompile>
    <ClCompile Include="Zinsrechnung\Zinsrechnung.cpp">
      <Filter>Source Files\Zinsrechnung</Filter>
    </ClCompile>
    <ClCompile Include="Lists\Lists.cpp">
      <Filter>Source Files\Lists</Filter>
    </ClCompile>
    <ClCompile Include="Tuples\Tuples.cpp">
      <Filter>Source Files\Tuples</Filter>
    </ClCompile>
    <ClCompile Include="Phonebook\Phonebook.cpp">
      <Filter>Source Files\Phonebook</Filter>
    </ClCompile>
    <ClCompile Include="Dictionaries\Dictionaries.cpp">
      <Filter>Source Files\Dictionaries</Filter>
    </ClCompile>
    <ClCompile Include="ParameterPassing\ParameterPassing.cpp">
      <Filter>Source Files\ParameterPassing</Filter>
    </ClCompile>
    <ClCompile Include="Strings\Strings.cpp">
      <Filter>Source Files\Strings</Filter>
    </ClCompile>
    <ClCompile Include="Enumeration\Enumeration.cpp">
      <Filter>Source Files\Enumeration</Filter>
    </ClCompile>
    <ClCompile Include="Shallow_vs_Deep_Copy\Shallow_vs_Deep_Copy.cpp">
      <Filter>Source Files\Shallow_vs_Deep_Copy</Filter>
    </ClCompile>
    <ClCompile Include="Procedures_Functions\Procedures_Functions.cpp">
      <Filter>Source Files\Procedures_Functions</Filter>
    </ClCompile>
  </ItemGroup>
  <ItemGroup>
    <None Include="..\Readme.md" />
    <None Include="BankAccount\BankAccount.md">
      <Filter>Source Files\BankAccount</Filter>
    </None>
    <None Include="TeuflischeFolge\TeuflischeFolge.md">
      <Filter>Source Files\TeuflischeFolge</Filter>
    </None>
    <None Include="Zinsrechnung\Zinsrechnung.md">
      <Filter>Source Files\Zinsrechnung</Filter>
    </None>
    <None Include="Lists\Lists.md">
      <Filter>Source Files\Lists</Filter>
    </None>
    <None Include="Lists\Lists.py">
      <Filter>Source Files\Lists</Filter>
    </None>
    <None Include="TeuflischeFolge\TeuflischeFolge.py">
      <Filter>Source Files\TeuflischeFolge</Filter>
    </None>
    <None Include="Zinsrechnung\Zinsrechnung.py">
      <Filter>Source Files\Zinsrechnung</Filter>
    </None>
    <None Include="BankAccount\BankAccount.py">
      <Filter>Source Files\BankAccount</Filter>
    </None>
    <None Include="Tuples\Tuples.md">
      <Filter>Source Files\Tuples</Filter>
    </None>
    <None Include="Tuples\Tuples.py">
      <Filter>Source Files\Tuples</Filter>
    </None>
    <None Include="Phonebook\Phonebook.md">
      <Filter>Source Files\Phonebook</Filter>
    </None>
    <None Include="Phonebook\Phonebook.py">
      <Filter>Source Files\Phonebook</Filter>
    </None>
    <None Include="Dictionaries\Dictionaries.md">
      <Filter>Source Files\Dictionaries</Filter>
    </None>
    <None Include="Dictionaries\Dictionaries.py">
      <Filter>Source Files\Dictionaries</Filter>
    </None>
    <None Include="ParameterPassing\ParameterPassing.md">
      <Filter>Source Files\ParameterPassing</Filter>
    </None>
    <None Include="ParameterPassing\ParameterPassing.py">
      <Filter>Source Files\ParameterPassing</Filter>
    </None>
    <None Include="Strings\Strings.md">
      <Filter>Source Files\Strings</Filter>
    </None>
    <None Include="Strings\Strings.py">
      <Filter>Source Files\Strings</Filter>
    </None>
    <None Include="Enumeration\Enumeration.md">
      <Filter>Source Files\Enumeration</Filter>
    </None>
    <None Include="Enumeration\Enumeration.py">
      <Filter>Source Files\Enumeration</Filter>
    </None>
    <None Include="Shallow_vs_Deep_Copy\Shallow_vs_Deep_Copy.md">
      <Filter>Source Files\Shallow_vs_Deep_Copy</Filter>
    </None>
    <None Include="Shallow_vs_Deep_Copy\Shallow_vs_Deep_Copy.py">
      <Filter>Source Files\Shallow_vs_Deep_Copy</Filter>
    </None>
    <None Include="Procedures_Functions\Procedures_Functions.md">
      <Filter>Source Files\Procedures_Functions</Filter>
    </None>
    <None Include="Procedures_Functions\Procedures_Functions.py">
      <Filter>Source Files\Procedures_Functions</Filter>
    </None>
  </ItemGroup>
  <ItemGroup>
    <ClInclude Include="BankAccount\BankAccount.h">
      <Filter>Source Files\BankAccount</Filter>
    </ClInclude>
  </ItemGroup>
</Project>